Microsoft Visual Studio Solution File, Format Version 12.00
# Visual Studio 2012
Project("{FAE04EC0-301F-11D3-BF4B-00C04F79EFBC}") = "C# Game", "C# Game.csproj", "{EC46D0A2-ED91-4520-890F-2C06D133E67D}"
EndProject
Global
	GlobalSection(SolutionConfigurationPlatforms) = preSolution
	Debug|Any CPU = Debug|Any CPU
	ExportDebug|Any CPU = ExportDebug|Any CPU
	ExportRelease|Any CPU = ExportRelease|Any CPU
	EndGlobalSection
	GlobalSection(ProjectConfigurationPlatforms) = postSolution
		{EC46D0A2-ED91-4520-890F-2C06D133E67D}.Debug|Any CPU.ActiveCfg = Debug|Any CPU
		{EC46D0A2-ED91-4520-890F-2C06D133E67D}.Debug|Any CPU.Build.0 = Debug|Any CPU
		{EC46D0A2-ED91-4520-890F-2C06D133E67D}.ExportDebug|Any CPU.ActiveCfg = ExportDebug|Any CPU
		{EC46D0A2-ED91-4520-890F-2C06D133E67D}.ExportDebug|Any CPU.Build.0 = ExportDebug|Any CPU
		{EC46D0A2-ED91-4520-890F-2C06D133E67D}.ExportRelease|Any CPU.ActiveCfg = ExportRelease|Any CPU
		{EC46D0A2-ED91-4520-890F-2C06D133E67D}.ExportRelease|Any CPU.Build.0 = ExportRelease|Any CPU
	EndGlobalSection
EndGlobal
